
Microsoft Visual Studio Solution File, Format Version 12.00
# Visual Studio Version 17
VisualStudioVersion = 17.11.35219.272
MinimumVisualStudioVersion = 10.0.40219.1
Project("{8BC9CEB8-8B4A-11D0-8D11-00A0C91BC942}") = "ch04_computation", "ch04_computation\ch04_computation.vcxproj", "{A0210AAB-F134-4EC4-B051-EC8FC8864DBB}"
EndProject
Global
	GlobalSection(SolutionConfigurationPlatforms) = preSolution
		Debug|x64 = Debug|x64
		Debug|x86 = Debug|x86
		Release|x64 = Release|x64
		Release|x86 = Release|x86
	EndGlobalSection
	GlobalSection(ProjectConfigurationPlatforms) = postSolution
		{A0210AAB-F134-4EC4-B051-EC8FC8864DBB}.Debug|x64.ActiveCfg = Debug|x64
		{A0210AAB-F134-4EC4-B051-EC8FC8864DBB}.Debug|x64.Build.0 = Debug|x64
		{A0210AAB-F134-4EC4-B051-EC8FC8864DBB}.Debug|x86.ActiveCfg = Debug|Win32
		{A0210AAB-F134-4EC4-B051-EC8FC8864DBB}.Debug|x86.Build.0 = Debug|Win32
		{A0210AAB-F134-4EC4-B051-EC8FC8864DBB}.Release|x64.ActiveCfg = Release|x64
		{A0210AAB-F134-4EC4-B051-EC8FC8864DBB}.Release|x64.Build.0 = Release|x64
		{A0210AAB-F134-4EC4-B051-EC8FC8864DBB}.Release|x86.ActiveCfg = Release|Win32
		{A0210AAB-F134-4EC4-B051-EC8FC8864DBB}.Release|x86.Build.0 = Release|Win32
	EndGlobalSection
	GlobalSection(SolutionProperties) = preSolution
		HideSolutionNode = FALSE
	EndGlobalSection
	GlobalSection(ExtensibilityGlobals) = postSolution
		SolutionGuid = {85828953-25DA-47F2-A330-BF699A7E2D53}
	EndGlobalSection
EndGlobal
